
Microsoft Visual Studio Solution File, Format Version 12.00
# Visual Studio Version 16
VisualStudioVersion = 16.0.30717.126
MinimumVisualStudioVersion = 10.0.40219.1
Project("{9A19103F-16F7-4668-BE54-9A1E7A4F7556}") = "WebStore", "WebStore\WebStore.csproj", "{BA23ECF0-456B-4A34-A10D-0B676C7787E5}"
EndProject
Project("{9A19103F-16F7-4668-BE54-9A1E7A4F7556}") = "WebStore.Domain", "WebStore.Domain\WebStore.Domain.csproj", "{B63EFE98-ACDA-4A75-A705-41E2A5FC0E5F}"
EndProject
Project("{FAE04EC0-301F-11D3-BF4B-00C04F79EFBC}") = "WebStore.DAL", "WebStore.DAL\WebStore.DAL.csproj", "{623C68FD-EBAC-4335-B168-7D9E54AE059C}"
EndProject
Global
	GlobalSection(SolutionConfigurationPlatforms) = preSolution
		Debug|Any CPU = Debug|Any CPU
		Release|Any CPU = Release|Any CPU
	EndGlobalSection
	GlobalSection(ProjectConfigurationPlatforms) = postSolution
		{BA23ECF0-456B-4A34-A10D-0B676C7787E5}.Debug|Any CPU.ActiveCfg = Debug|Any CPU
		{BA23ECF0-456B-4A34-A10D-0B676C7787E5}.Debug|Any CPU.Build.0 = Debug|Any CPU
		{BA23ECF0-456B-4A34-A10D-0B676C7787E5}.Release|Any CPU.ActiveCfg = Release|Any CPU
		{BA23ECF0-456B-4A34-A10D-0B676C7787E5}.Release|Any CPU.Build.0 = Release|Any CPU
		{B63EFE98-ACDA-4A75-A705-41E2A5FC0E5F}.Debug|Any CPU.ActiveCfg = Debug|Any CPU
		{B63EFE98-ACDA-4A75-A705-41E2A5FC0E5F}.Debug|Any CPU.Build.0 = Debug|Any CPU
		{B63EFE98-ACDA-4A75-A705-41E2A5FC0E5F}.Release|Any CPU.ActiveCfg = Release|Any CPU
		{B63EFE98-ACDA-4A75-A705-41E2A5FC0E5F}.Release|Any CPU.Build.0 = Release|Any CPU
		{623C68FD-EBAC-4335-B168-7D9E54AE059C}.Debug|Any CPU.ActiveCfg = Debug|Any CPU
		{623C68FD-EBAC-4335-B168-7D9E54AE059C}.Debug|Any CPU.Build.0 = Debug|Any CPU
		{623C68FD-EBAC-4335-B168-7D9E54AE059C}.Release|Any CPU.ActiveCfg = Release|Any CPU
		{623C68FD-EBAC-4335-B168-7D9E54AE059C}.Release|Any CPU.Build.0 = Release|Any CPU
	EndGlobalSection
	GlobalSection(SolutionProperties) = preSolution
		HideSolutionNode = FALSE
	EndGlobalSection
	GlobalSection(ExtensibilityGlobals) = postSolution
		SolutionGuid = {46EB41B1-EDB9-4CF4-944B-789B8E104404}
	EndGlobalSection
EndGlobal
