
Microsoft Visual Studio Solution File, Format Version 12.00
# Visual Studio Version 16
VisualStudioVersion = 16.0.30717.126
MinimumVisualStudioVersion = 10.0.40219.1
Project("{2150E333-8FDC-42A3-9474-1A3956D46DE8}") = "UI", "UI", "{B5D7B27D-39D0-4762-86E5-B6696F366154}"
EndProject
Project("{2150E333-8FDC-42A3-9474-1A3956D46DE8}") = "Services", "Services", "{2A828FAB-D10B-4C25-93E6-D7A9928520BE}"
EndProject
Project("{2150E333-8FDC-42A3-9474-1A3956D46DE8}") = "Common", "Common", "{D216922D-5923-445F-96E2-CD256A4FEC73}"
EndProject
Project("{9A19103F-16F7-4668-BE54-9A1E7A4F7556}") = "WebStore.Domain", "Common\WebStore.Domain\WebStore.Domain.csproj", "{BE6519CE-0F75-4A2B-AB5D-D91E70469877}"
EndProject
Project("{9A19103F-16F7-4668-BE54-9A1E7A4F7556}") = "WebStore.DAL", "Services\WebStore.DAL\WebStore.DAL.csproj", "{E8DDB787-35B4-47EC-B819-A05CA25FA53D}"
EndProject
Project("{9A19103F-16F7-4668-BE54-9A1E7A4F7556}") = "WebStore", "UI\WebStore\WebStore.csproj", "{584CBADD-A440-40D7-A8A1-8F161F0C5CFA}"
EndProject
Global
	GlobalSection(SolutionConfigurationPlatforms) = preSolution
		Debug|Any CPU = Debug|Any CPU
		Release|Any CPU = Release|Any CPU
	EndGlobalSection
	GlobalSection(ProjectConfigurationPlatforms) = postSolution
		{BE6519CE-0F75-4A2B-AB5D-D91E70469877}.Debug|Any CPU.ActiveCfg = Debug|Any CPU
		{BE6519CE-0F75-4A2B-AB5D-D91E70469877}.Debug|Any CPU.Build.0 = Debug|Any CPU
		{BE6519CE-0F75-4A2B-AB5D-D91E70469877}.Release|Any CPU.ActiveCfg = Release|Any CPU
		{BE6519CE-0F75-4A2B-AB5D-D91E70469877}.Release|Any CPU.Build.0 = Release|Any CPU
		{E8DDB787-35B4-47EC-B819-A05CA25FA53D}.Debug|Any CPU.ActiveCfg = Debug|Any CPU
		{E8DDB787-35B4-47EC-B819-A05CA25FA53D}.Debug|Any CPU.Build.0 = Debug|Any CPU
		{E8DDB787-35B4-47EC-B819-A05CA25FA53D}.Release|Any CPU.ActiveCfg = Release|Any CPU
		{E8DDB787-35B4-47EC-B819-A05CA25FA53D}.Release|Any CPU.Build.0 = Release|Any CPU
		{584CBADD-A440-40D7-A8A1-8F161F0C5CFA}.Debug|Any CPU.ActiveCfg = Debug|Any CPU
		{584CBADD-A440-40D7-A8A1-8F161F0C5CFA}.Debug|Any CPU.Build.0 = Debug|Any CPU
		{584CBADD-A440-40D7-A8A1-8F161F0C5CFA}.Release|Any CPU.ActiveCfg = Release|Any CPU
		{584CBADD-A440-40D7-A8A1-8F161F0C5CFA}.Release|Any CPU.Build.0 = Release|Any CPU
	EndGlobalSection
	GlobalSection(SolutionProperties) = preSolution
		HideSolutionNode = FALSE
	EndGlobalSection
	GlobalSection(NestedProjects) = preSolution
		{BE6519CE-0F75-4A2B-AB5D-D91E70469877} = {D216922D-5923-445F-96E2-CD256A4FEC73}
		{E8DDB787-35B4-47EC-B819-A05CA25FA53D} = {2A828FAB-D10B-4C25-93E6-D7A9928520BE}
		{584CBADD-A440-40D7-A8A1-8F161F0C5CFA} = {B5D7B27D-39D0-4762-86E5-B6696F366154}
	EndGlobalSection
	GlobalSection(ExtensibilityGlobals) = postSolution
		SolutionGuid = {46EB41B1-EDB9-4CF4-944B-789B8E104404}
	EndGlobalSection
EndGlobal
